
Microsoft Visual Studio Solution File, Format Version 12.00
# Visual Studio Version 16
VisualStudioVersion = 16.0.30517.126
MinimumVisualStudioVersion = 10.0.40219.1
Project("{FAE04EC0-301F-11D3-BF4B-00C04F79EFBC}") = "serias", "serias\serias.csproj", "{6EC744D6-7C63-4688-A555-4C8117BEB35F}"
EndProject
Global
	GlobalSection(SolutionConfigurationPlatforms) = preSolution
		Debug|Any CPU = Debug|Any CPU
		Release|Any CPU = Release|Any CPU
	EndGlobalSection
	GlobalSection(ProjectConfigurationPlatforms) = postSolution
		{6EC744D6-7C63-4688-A555-4C8117BEB35F}.Debug|Any CPU.ActiveCfg = Debug|Any CPU
		{6EC744D6-7C63-4688-A555-4C8117BEB35F}.Debug|Any CPU.Build.0 = Debug|Any CPU
		{6EC744D6-7C63-4688-A555-4C8117BEB35F}.Release|Any CPU.ActiveCfg = Release|Any CPU
		{6EC744D6-7C63-4688-A555-4C8117BEB35F}.Release|Any CPU.Build.0 = Release|Any CPU
	EndGlobalSection
	GlobalSection(SolutionProperties) = preSolution
		HideSolutionNode = FALSE
	EndGlobalSection
	GlobalSection(ExtensibilityGlobals) = postSolution
		SolutionGuid = {33EBD437-2F9F-4404-89C3-C8CD61D8BE41}
	EndGlobalSection
EndGlobal
